// !$*UTF8*$!
{
	archiveVersion = 1;
	classes = {
	};
	objectVersion = 46;
	objects = {

/* Begin PBXBuildFile section */
		8D5DD0D8192591CA002A7E68 /* Foundation.framework in Frameworks */ = {isa = PBXBuildFile; fileRef = 8D5DD0D7192591CA002A7E68 /* Foundation.framework */; };
		8D5DD0DA192591CA002A7E68 /* CoreGraphics.framework in Frameworks */ = {isa = PBXBuildFile; fileRef = 8D5DD0D9192591CA002A7E68 /* CoreGraphics.framework */; };
		8D5DD0DC192591CA002A7E68 /* UIKit.framework in Frameworks */ = {isa = PBXBuildFile; fileRef = 8D5DD0DB192591CA002A7E68 /* UIKit.framework */; };
		8D5DD0E2192591CA002A7E68 /* InfoPlist.strings in Resources */ = {isa = PBXBuildFile; fileRef = 8D5DD0E0192591CA002A7E68 /* InfoPlist.strings */; };
		8D5DD0E4192591CA002A7E68 /* main.m in Sources */ = {isa = PBXBuildFile; fileRef = 8D5DD0E3192591CA002A7E68 /* main.m */; };
		8D5DD0E8192591CA002A7E68 /* CCAppDelegate.m in Sources */ = {isa = PBXBuildFile; fileRef = 8D5DD0E7192591CA002A7E68 /* CCAppDelegate.m */; };
		8D5DD0EB192591CA002A7E68 /* Main.storyboard in Resources */ = {isa = PBXBuildFile; fileRef = 8D5DD0E9192591CA002A7E68 /* Main.storyboard */; };
		8D5DD0F0192591CA002A7E68 /* Images.xcassets in Resources */ = {isa = PBXBuildFile; fileRef = 8D5DD0EF192591CA002A7E68 /* Images.xcassets */; };
		8D5DD0F7192591CA002A7E68 /* XCTest.framework in Frameworks */ = {isa = PBXBuildFile; fileRef = 8D5DD0F6192591CA002A7E68 /* XCTest.framework */; };
		8D5DD0F8192591CA002A7E68 /* Foundation.framework in Frameworks */ = {isa = PBXBuildFile; fileRef = 8D5DD0D7192591CA002A7E68 /* Foundation.framework */; };
		8D5DD0F9192591CA002A7E68 /* UIKit.framework in Frameworks */ = {isa = PBXBuildFile; fileRef = 8D5DD0DB192591CA002A7E68 /* UIKit.framework */; };
		8D5DD101192591CA002A7E68 /* InfoPlist.strings in Resources */ = {isa = PBXBuildFile; fileRef = 8D5DD0FF192591CA002A7E68 /* InfoPlist.strings */; };
		8D5DD103192591CA002A7E68 /* HereToThereTests.m in Sources */ = {isa = PBXBuildFile; fileRef = 8D5DD102192591CA002A7E68 /* HereToThereTests.m */; };
		8D76E9101936E368005EF8D3 /* menu.png in Resources */ = {isa = PBXBuildFile; fileRef = 8D76E90E1936E368005EF8D3 /* menu.png */; };
		8D76E9111936E368005EF8D3 /* menu@2x.png in Resources */ = {isa = PBXBuildFile; fileRef = 8D76E90F1936E368005EF8D3 /* menu@2x.png */; };
		8D76E9141936EA15005EF8D3 /* currentLocation.png in Resources */ = {isa = PBXBuildFile; fileRef = 8D76E9121936EA15005EF8D3 /* currentLocation.png */; };
		8D76E9151936EA15005EF8D3 /* currentLocation@2x.png in Resources */ = {isa = PBXBuildFile; fileRef = 8D76E9131936EA15005EF8D3 /* currentLocation@2x.png */; };
		8D76E9181936EE62005EF8D3 /* directions.png in Resources */ = {isa = PBXBuildFile; fileRef = 8D76E9161936EE62005EF8D3 /* directions.png */; };
		8D76E9191936EE62005EF8D3 /* directions@2x.png in Resources */ = {isa = PBXBuildFile; fileRef = 8D76E9171936EE62005EF8D3 /* directions@2x.png */; };
		8D76E91C1936F004005EF8D3 /* forward.png in Resources */ = {isa = PBXBuildFile; fileRef = 8D76E91A1936F004005EF8D3 /* forward.png */; };
		8D76E91D1936F004005EF8D3 /* forward@2x.png in Resources */ = {isa = PBXBuildFile; fileRef = 8D76E91B1936F004005EF8D3 /* forward@2x.png */; };
		8D76E9201936F020005EF8D3 /* settings.png in Resources */ = {isa = PBXBuildFile; fileRef = 8D76E91E1936F020005EF8D3 /* settings.png */; };
		8D76E9211936F020005EF8D3 /* settings@2x.png in Resources */ = {isa = PBXBuildFile; fileRef = 8D76E91F1936F020005EF8D3 /* settings@2x.png */; };
		8D76E9241936F02A005EF8D3 /* clear.png in Resources */ = {isa = PBXBuildFile; fileRef = 8D76E9221936F02A005EF8D3 /* clear.png */; };
		8D76E9251936F02A005EF8D3 /* clear@2x.png in Resources */ = {isa = PBXBuildFile; fileRef = 8D76E9231936F02A005EF8D3 /* clear@2x.png */; };
		8DD464B91937957200609ED9 /* map.png in Resources */ = {isa = PBXBuildFile; fileRef = 8DD464B51937957200609ED9 /* map.png */; };
		8DD464BA1937957200609ED9 /* map@2x.png in Resources */ = {isa = PBXBuildFile; fileRef = 8DD464B61937957200609ED9 /* map@2x.png */; };
		8DD464BB1937957200609ED9 /* route.png in Resources */ = {isa = PBXBuildFile; fileRef = 8DD464B71937957200609ED9 /* route.png */; };
		8DD464BC1937957200609ED9 /* route@2x.png in Resources */ = {isa = PBXBuildFile; fileRef = 8DD464B81937957200609ED9 /* route@2x.png */; };
		8DD464BF1937B53300609ED9 /* CCDrawView.m in Sources */ = {isa = PBXBuildFile; fileRef = 8DD464BE1937B53300609ED9 /* CCDrawView.m */; };
		8DD464C21937F6B500609ED9 /* done.png in Resources */ = {isa = PBXBuildFile; fileRef = 8DD464C01937F6B500609ED9 /* done.png */; };
		8DD464C31937F6B500609ED9 /* done@2x.png in Resources */ = {isa = PBXBuildFile; fileRef = 8DD464C11937F6B500609ED9 /* done@2x.png */; };
		8DEFBFF81936A26E00A3F013 /* CCMapViewController.m in Sources */ = {isa = PBXBuildFile; fileRef = 8DEFBFF71936A26E00A3F013 /* CCMapViewController.m */; };
		8DEFBFFB1936A27E00A3F013 /* CCDrawingViewController.m in Sources */ = {isa = PBXBuildFile; fileRef = 8DEFBFFA1936A27E00A3F013 /* CCDrawingViewController.m */; };
		8DEFBFFE1936A2E200A3F013 /* CCDirectionsViewController.m in Sources */ = {isa = PBXBuildFile; fileRef = 8DEFBFFD1936A2E200A3F013 /* CCDirectionsViewController.m */; };
		8DEFC0011936A33000A3F013 /* CCLine.m in Sources */ = {isa = PBXBuildFile; fileRef = 8DEFC0001936A32F00A3F013 /* CCLine.m */; };
		8DEFC0041936A3A700A3F013 /* CCRoundButton.m in Sources */ = {isa = PBXBuildFile; fileRef = 8DEFC0031936A3A700A3F013 /* CCRoundButton.m */; };
		8DEFC0071936A3D500A3F013 /* CCMenuView.m in Sources */ = {isa = PBXBuildFile; fileRef = 8DEFC0061936A3D500A3F013 /* CCMenuView.m */; };
		8DEFC00E1936A49E00A3F013 /* CCRouteController.m in Sources */ = {isa = PBXBuildFile; fileRef = 8DEFC00D1936A49E00A3F013 /* CCRouteController.m */; };
		8DEFC0111936A4B100A3F013 /* CCFingerView.m in Sources */ = {isa = PBXBuildFile; fileRef = 8DEFC0101936A4B100A3F013 /* CCFingerView.m */; };
		8DEFC0171936A8D500A3F013 /* MapKit.framework in Frameworks */ = {isa = PBXBuildFile; fileRef = 8DEFC0161936A8D500A3F013 /* MapKit.framework */; };
		8DEFC0191936A8DB00A3F013 /* CoreLocation.framework in Frameworks */ = {isa = PBXBuildFile; fileRef = 8DEFC0181936A8DB00A3F013 /* CoreLocation.framework */; };
/* End PBXBuildFile section */

/* Begin PBXContainerItemProxy section */
		8D5DD0FA192591CA002A7E68 /* PBXContainerItemProxy */ = {
			isa = PBXContainerItemProxy;
			containerPortal = 8D5DD0CC192591CA002A7E68 /* Project object */;
			proxyType = 1;
			remoteGlobalIDString = 8D5DD0D3192591CA002A7E68;
			remoteInfo = HereToThere;
		};
/* End PBXContainerItemProxy section */

/* Begin PBXFileReference section */
		8D5DD0D4192591CA002A7E68 /* HereToThere.app */ = {isa = PBXFileReference; explicitFileType = wrapper.application; includeInIndex = 0; path = HereToThere.app; sourceTree = BUILT_PRODUCTS_DIR; };
		8D5DD0D7192591CA002A7E68 /* Foundation.framework */ = {isa = PBXFileReference; lastKnownFileType = wrapper.framework; name = Foundation.framework; path = System/Library/Frameworks/Foundation.framework; sourceTree = SDKROOT; };
		8D5DD0D9192591CA002A7E68 /* CoreGraphics.framework */ = {isa = PBXFileReference; lastKnownFileType = wrapper.framework; name = CoreGraphics.framework; path = System/Library/Frameworks/CoreGraphics.framework; sourceTree = SDKROOT; };
		8D5DD0DB192591CA002A7E68 /* UIKit.framework */ = {isa = PBXFileReference; lastKnownFileType = wrapper.framework; name = UIKit.framework; path = System/Library/Frameworks/UIKit.framework; sourceTree = SDKROOT; };
		8D5DD0DF192591CA002A7E68 /* HereToThere-Info.plist */ = {isa = PBXFileReference; lastKnownFileType = text.plist.xml; path = "HereToThere-Info.plist"; sourceTree = "<group>"; };
		8D5DD0E1192591CA002A7E68 /* en */ = {isa = PBXFileReference; lastKnownFileType = text.plist.strings; name = en; path = en.lproj/InfoPlist.strings; sourceTree = "<group>"; };
		8D5DD0E3192591CA002A7E68 /* main.m */ = {isa = PBXFileReference; lastKnownFileType = sourcecode.c.objc; path = main.m; sourceTree = "<group>"; };
		8D5DD0E5192591CA002A7E68 /* HereToThere-Prefix.pch */ = {isa = PBXFileReference; lastKnownFileType = sourcecode.c.h; path = "HereToThere-Prefix.pch"; sourceTree = "<group>"; };
		8D5DD0E6192591CA002A7E68 /* CCAppDelegate.h */ = {isa = PBXFileReference; lastKnownFileType = sourcecode.c.h; path = CCAppDelegate.h; sourceTree = "<group>"; };
		8D5DD0E7192591CA002A7E68 /* CCAppDelegate.m */ = {isa = PBXFileReference; lastKnownFileType = sourcecode.c.objc; path = CCAppDelegate.m; sourceTree = "<group>"; };
		8D5DD0EA192591CA002A7E68 /* Base */ = {isa = PBXFileReference; lastKnownFileType = file.storyboard; name = Base; path = Base.lproj/Main.storyboard; sourceTree = "<group>"; };
		8D5DD0EF192591CA002A7E68 /* Images.xcassets */ = {isa = PBXFileReference; lastKnownFileType = folder.assetcatalog; path = Images.xcassets; sourceTree = "<group>"; };
		8D5DD0F5192591CA002A7E68 /* HereToThereTests.xctest */ = {isa = PBXFileReference; explicitFileType = wrapper.cfbundle; includeInIndex = 0; path = HereToThereTests.xctest; sourceTree = BUILT_PRODUCTS_DIR; };
		8D5DD0F6192591CA002A7E68 /* XCTest.framework */ = {isa = PBXFileReference; lastKnownFileType = wrapper.framework; name = XCTest.framework; path = Library/Frameworks/XCTest.framework; sourceTree = DEVELOPER_DIR; };
		8D5DD0FE192591CA002A7E68 /* HereToThereTests-Info.plist */ = {isa = PBXFileReference; lastKnownFileType = text.plist.xml; path = "HereToThereTests-Info.plist"; sourceTree = "<group>"; };
		8D5DD100192591CA002A7E68 /* en */ = {isa = PBXFileReference; lastKnownFileType = text.plist.strings; name = en; path = en.lproj/InfoPlist.strings; sourceTree = "<group>"; };
		8D5DD102192591CA002A7E68 /* HereToThereTests.m */ = {isa = PBXFileReference; lastKnownFileType = sourcecode.c.objc; path = HereToThereTests.m; sourceTree = "<group>"; };
		8D76E90E1936E368005EF8D3 /* menu.png */ = {isa = PBXFileReference; lastKnownFileType = image.png; path = menu.png; sourceTree = "<group>"; };
		8D76E90F1936E368005EF8D3 /* menu@2x.png */ = {isa = PBXFileReference; lastKnownFileType = image.png; path = "menu@2x.png"; sourceTree = "<group>"; };
		8D76E9121936EA15005EF8D3 /* currentLocation.png */ = {isa = PBXFileReference; lastKnownFileType = image.png; path = currentLocation.png; sourceTree = "<group>"; };
		8D76E9131936EA15005EF8D3 /* currentLocation@2x.png */ = {isa = PBXFileReference; lastKnownFileType = image.png; path = "currentLocation@2x.png"; sourceTree = "<group>"; };
		8D76E9161936EE62005EF8D3 /* directions.png */ = {isa = PBXFileReference; lastKnownFileType = image.png; path = directions.png; sourceTree = "<group>"; };
		8D76E9171936EE62005EF8D3 /* directions@2x.png */ = {isa = PBXFileReference; lastKnownFileType = image.png; path = "directions@2x.png"; sourceTree = "<group>"; };
		8D76E91A1936F004005EF8D3 /* forward.png */ = {isa = PBXFileReference; lastKnownFileType = image.png; path = forward.png; sourceTree = "<group>"; };
		8D76E91B1936F004005EF8D3 /* forward@2x.png */ = {isa = PBXFileReference; lastKnownFileType = image.png; path = "forward@2x.png"; sourceTree = "<group>"; };
		8D76E91E1936F020005EF8D3 /* settings.png */ = {isa = PBXFileReference; lastKnownFileType = image.png; path = settings.png; sourceTree = "<group>"; };
		8D76E91F1936F020005EF8D3 /* settings@2x.png */ = {isa = PBXFileReference; lastKnownFileType = image.png; path = "settings@2x.png"; sourceTree = "<group>"; };
		8D76E9221936F02A005EF8D3 /* clear.png */ = {isa = PBXFileReference; lastKnownFileType = image.png; path = clear.png; sourceTree = "<group>"; };
		8D76E9231936F02A005EF8D3 /* clear@2x.png */ = {isa = PBXFileReference; lastKnownFileType = image.png; path = "clear@2x.png"; sourceTree = "<group>"; };
		8DD464B51937957200609ED9 /* map.png */ = {isa = PBXFileReference; lastKnownFileType = image.png; path = map.png; sourceTree = "<group>"; };
		8DD464B61937957200609ED9 /* map@2x.png */ = {isa = PBXFileReference; lastKnownFileType = image.png; path = "map@2x.png"; sourceTree = "<group>"; };
		8DD464B71937957200609ED9 /* route.png */ = {isa = PBXFileReference; lastKnownFileType = image.png; path = route.png; sourceTree = "<group>"; };
		8DD464B81937957200609ED9 /* route@2x.png */ = {isa = PBXFileReference; lastKnownFileType = image.png; path = "route@2x.png"; sourceTree = "<group>"; };
		8DD464BD1937B53300609ED9 /* CCDrawView.h */ = {isa = PBXFileReference; fileEncoding = 4; lastKnownFileType = sourcecode.c.h; path = CCDrawView.h; sourceTree = "<group>"; };
		8DD464BE1937B53300609ED9 /* CCDrawView.m */ = {isa = PBXFileReference; fileEncoding = 4; lastKnownFileType = sourcecode.c.objc; path = CCDrawView.m; sourceTree = "<group>"; };
		8DD464C01937F6B500609ED9 /* done.png */ = {isa = PBXFileReference; lastKnownFileType = image.png; path = done.png; sourceTree = "<group>"; };
		8DD464C11937F6B500609ED9 /* done@2x.png */ = {isa = PBXFileReference; lastKnownFileType = image.png; path = "done@2x.png"; sourceTree = "<group>"; };
		8DEFBFF61936A26E00A3F013 /* CCMapViewController.h */ = {isa = PBXFileReference; fileEncoding = 4; lastKnownFileType = sourcecode.c.h; path = CCMapViewController.h; sourceTree = "<group>"; };
		8DEFBFF71936A26E00A3F013 /* CCMapViewController.m */ = {isa = PBXFileReference; fileEncoding = 4; lastKnownFileType = sourcecode.c.objc; path = CCMapViewController.m; sourceTree = "<group>"; };
		8DEFBFF91936A27E00A3F013 /* CCDrawingViewController.h */ = {isa = PBXFileReference; fileEncoding = 4; lastKnownFileType = sourcecode.c.h; path = CCDrawingViewController.h; sourceTree = "<group>"; };
		8DEFBFFA1936A27E00A3F013 /* CCDrawingViewController.m */ = {isa = PBXFileReference; fileEncoding = 4; lastKnownFileType = sourcecode.c.objc; path = CCDrawingViewController.m; sourceTree = "<group>"; };
		8DEFBFFC1936A2E200A3F013 /* CCDirectionsViewController.h */ = {isa = PBXFileReference; fileEncoding = 4; lastKnownFileType = sourcecode.c.h; path = CCDirectionsViewController.h; sourceTree = "<group>"; };
		8DEFBFFD1936A2E200A3F013 /* CCDirectionsViewController.m */ = {isa = PBXFileReference; fileEncoding = 4; lastKnownFileType = sourcecode.c.objc; path = CCDirectionsViewController.m; sourceTree = "<group>"; };
		8DEFBFFF1936A32F00A3F013 /* CCLine.h */ = {isa = PBXFileReference; fileEncoding = 4; lastKnownFileType = sourcecode.c.h; path = CCLine.h; sourceTree = "<group>"; };
		8DEFC0001936A32F00A3F013 /* CCLine.m */ = {isa = PBXFileReference; fileEncoding = 4; lastKnownFileType = sourcecode.c.objc; path = CCLine.m; sourceTree = "<group>"; };
		8DEFC0021936A3A700A3F013 /* CCRoundButton.h */ = {isa = PBXFileReference; fileEncoding = 4; lastKnownFileType = sourcecode.c.h; path = CCRoundButton.h; sourceTree = "<group>"; };
		8DEFC0031936A3A700A3F013 /* CCRoundButton.m */ = {isa = PBXFileReference; fileEncoding = 4; lastKnownFileType = sourcecode.c.objc; path = CCRoundButton.m; sourceTree = "<group>"; };
		8DEFC0051936A3D500A3F013 /* CCMenuView.h */ = {isa = PBXFileReference; fileEncoding = 4; lastKnownFileType = sourcecode.c.h; path = CCMenuView.h; sourceTree = "<group>"; };
		8DEFC0061936A3D500A3F013 /* CCMenuView.m */ = {isa = PBXFileReference; fileEncoding = 4; lastKnownFileType = sourcecode.c.objc; path = CCMenuView.m; sourceTree = "<group>"; };
		8DEFC00C1936A49E00A3F013 /* CCRouteController.h */ = {isa = PBXFileReference; fileEncoding = 4; lastKnownFileType = sourcecode.c.h; path = CCRouteController.h; sourceTree = "<group>"; };
		8DEFC00D1936A49E00A3F013 /* CCRouteController.m */ = {isa = PBXFileReference; fileEncoding = 4; lastKnownFileType = sourcecode.c.objc; path = CCRouteController.m; sourceTree = "<group>"; };
		8DEFC00F1936A4B100A3F013 /* CCFingerView.h */ = {isa = PBXFileReference; fileEncoding = 4; lastKnownFileType = sourcecode.c.h; path = CCFingerView.h; sourceTree = "<group>"; };
		8DEFC0101936A4B100A3F013 /* CCFingerView.m */ = {isa = PBXFileReference; fileEncoding = 4; lastKnownFileType = sourcecode.c.objc; path = CCFingerView.m; sourceTree = "<group>"; };
		8DEFC0161936A8D500A3F013 /* MapKit.framework */ = {isa = PBXFileReference; lastKnownFileType = wrapper.framework; name = MapKit.framework; path = System/Library/Frameworks/MapKit.framework; sourceTree = SDKROOT; };
		8DEFC0181936A8DB00A3F013 /* CoreLocation.framework */ = {isa = PBXFileReference; lastKnownFileType = wrapper.framework; name = CoreLocation.framework; path = System/Library/Frameworks/CoreLocation.framework; sourceTree = SDKROOT; };
/* End PBXFileReference section */

/* Begin PBXFrameworksBuildPhase section */
		8D5DD0D1192591CA002A7E68 /* Frameworks */ = {
			isa = PBXFrameworksBuildPhase;
			buildActionMask = 2147483647;
			files = (
				8DEFC0191936A8DB00A3F013 /* CoreLocation.framework in Frameworks */,
				8DEFC0171936A8D500A3F013 /* MapKit.framework in Frameworks */,
				8D5DD0DA192591CA002A7E68 /* CoreGraphics.framework in Frameworks */,
				8D5DD0DC192591CA002A7E68 /* UIKit.framework in Frameworks */,
				8D5DD0D8192591CA002A7E68 /* Foundation.framework in Frameworks */,
			);
			runOnlyForDeploymentPostprocessing = 0;
		};
		8D5DD0F2192591CA002A7E68 /* Frameworks */ = {
			isa = PBXFrameworksBuildPhase;
			buildActionMask = 2147483647;
			files = (
				8D5DD0F7192591CA002A7E68 /* XCTest.framework in Frameworks */,
				8D5DD0F9192591CA002A7E68 /* UIKit.framework in Frameworks */,
				8D5DD0F8192591CA002A7E68 /* Foundation.framework in Frameworks */,
			);
			runOnlyForDeploymentPostprocessing = 0;
		};
/* End PBXFrameworksBuildPhase section */

/* Begin PBXGroup section */
		8D5DD0CB192591CA002A7E68 = {
			isa = PBXGroup;
			children = (
				8D5DD0DD192591CA002A7E68 /* HereToThere */,
				8D5DD0FC192591CA002A7E68 /* HereToThereTests */,
				8D5DD0D6192591CA002A7E68 /* Frameworks */,
				8D5DD0D5192591CA002A7E68 /* Products */,
			);
			sourceTree = "<group>";
		};
		8D5DD0D5192591CA002A7E68 /* Products */ = {
			isa = PBXGroup;
			children = (
				8D5DD0D4192591CA002A7E68 /* HereToThere.app */,
				8D5DD0F5192591CA002A7E68 /* HereToThereTests.xctest */,
			);
			name = Products;
			sourceTree = "<group>";
		};
		8D5DD0D6192591CA002A7E68 /* Frameworks */ = {
			isa = PBXGroup;
			children = (
				8DEFC0181936A8DB00A3F013 /* CoreLocation.framework */,
				8DEFC0161936A8D500A3F013 /* MapKit.framework */,
				8D5DD0D7192591CA002A7E68 /* Foundation.framework */,
				8D5DD0D9192591CA002A7E68 /* CoreGraphics.framework */,
				8D5DD0DB192591CA002A7E68 /* UIKit.framework */,
				8D5DD0F6192591CA002A7E68 /* XCTest.framework */,
			);
			name = Frameworks;
			sourceTree = "<group>";
		};
		8D5DD0DD192591CA002A7E68 /* HereToThere */ = {
			isa = PBXGroup;
			children = (
				8D5DD0E6192591CA002A7E68 /* CCAppDelegate.h */,
				8D5DD0E7192591CA002A7E68 /* CCAppDelegate.m */,
				8D5DD0E9192591CA002A7E68 /* Main.storyboard */,
				8DEFC0081936A3F200A3F013 /* Models */,
				8DBD9E9C192E60E60036B30A /* UI */,
				8DBD9E9B192E60D20036B30A /* Controllers */,
				8DBD9E9A192E60C20036B30A /* Views */,
				8DBD9E99192E5FED0036B30A /* Images */,
				8D5DD0EF192591CA002A7E68 /* Images.xcassets */,
				8D5DD0DE192591CA002A7E68 /* Supporting Files */,
			);
			path = HereToThere;
			sourceTree = "<group>";
		};
		8D5DD0DE192591CA002A7E68 /* Supporting Files */ = {
			isa = PBXGroup;
			children = (
				8D5DD0DF192591CA002A7E68 /* HereToThere-Info.plist */,
				8D5DD0E0192591CA002A7E68 /* InfoPlist.strings */,
				8D5DD0E3192591CA002A7E68 /* main.m */,
				8D5DD0E5192591CA002A7E68 /* HereToThere-Prefix.pch */,
			);
			name = "Supporting Files";
			sourceTree = "<group>";
		};
		8D5DD0FC192591CA002A7E68 /* HereToThereTests */ = {
			isa = PBXGroup;
			children = (
				8D5DD102192591CA002A7E68 /* HereToThereTests.m */,
				8D5DD0FD192591CA002A7E68 /* Supporting Files */,
			);
			path = HereToThereTests;
			sourceTree = "<group>";
		};
		8D5DD0FD192591CA002A7E68 /* Supporting Files */ = {
			isa = PBXGroup;
			children = (
				8D5DD0FE192591CA002A7E68 /* HereToThereTests-Info.plist */,
				8D5DD0FF192591CA002A7E68 /* InfoPlist.strings */,
			);
			name = "Supporting Files";
			sourceTree = "<group>";
		};
		8DBD9E99192E5FED0036B30A /* Images */ = {
			isa = PBXGroup;
			children = (
				8DD464C01937F6B500609ED9 /* done.png */,
				8DD464C11937F6B500609ED9 /* done@2x.png */,
				8DD464B51937957200609ED9 /* map.png */,
				8DD464B61937957200609ED9 /* map@2x.png */,
				8DD464B71937957200609ED9 /* route.png */,
				8DD464B81937957200609ED9 /* route@2x.png */,
				8D76E9221936F02A005EF8D3 /* clear.png */,
				8D76E9231936F02A005EF8D3 /* clear@2x.png */,
				8D76E91E1936F020005EF8D3 /* settings.png */,
				8D76E91F1936F020005EF8D3 /* settings@2x.png */,
				8D76E91A1936F004005EF8D3 /* forward.png */,
				8D76E91B1936F004005EF8D3 /* forward@2x.png */,
				8D76E9161936EE62005EF8D3 /* directions.png */,
				8D76E9171936EE62005EF8D3 /* directions@2x.png */,
				8D76E9121936EA15005EF8D3 /* currentLocation.png */,
				8D76E9131936EA15005EF8D3 /* currentLocation@2x.png */,
				8D76E90E1936E368005EF8D3 /* menu.png */,
				8D76E90F1936E368005EF8D3 /* menu@2x.png */,
			);
			name = Images;
			sourceTree = "<group>";
		};
		8DBD9E9A192E60C20036B30A /* Views */ = {
			isa = PBXGroup;
			children = (
				8DD464BD1937B53300609ED9 /* CCDrawView.h */,
				8DD464BE1937B53300609ED9 /* CCDrawView.m */,
				8DEFC00F1936A4B100A3F013 /* CCFingerView.h */,
				8DEFC0101936A4B100A3F013 /* CCFingerView.m */,
				8DEFC0051936A3D500A3F013 /* CCMenuView.h */,
				8DEFC0061936A3D500A3F013 /* CCMenuView.m */,
			);
			name = Views;
			sourceTree = "<group>";
		};
		8DBD9E9B192E60D20036B30A /* Controllers */ = {
			isa = PBXGroup;
			children = (
				8DEFC00C1936A49E00A3F013 /* CCRouteController.h */,
				8DEFC00D1936A49E00A3F013 /* CCRouteController.m */,
				8DEFBFFC1936A2E200A3F013 /* CCDirectionsViewController.h */,
				8DEFBFFD1936A2E200A3F013 /* CCDirectionsViewController.m */,
				8DEFBFF61936A26E00A3F013 /* CCMapViewController.h */,
				8DEFBFF71936A26E00A3F013 /* CCMapViewController.m */,
				8DEFBFF91936A27E00A3F013 /* CCDrawingViewController.h */,
				8DEFBFFA1936A27E00A3F013 /* CCDrawingViewController.m */,
			);
			name = Controllers;
			sourceTree = "<group>";
		};
		8DBD9E9C192E60E60036B30A /* UI */ = {
			isa = PBXGroup;
			children = (
				8DEFC0021936A3A700A3F013 /* CCRoundButton.h */,
				8DEFC0031936A3A700A3F013 /* CCRoundButton.m */,
			);
			name = UI;
			sourceTree = "<group>";
		};
		8DEFC0081936A3F200A3F013 /* Models */ = {
			isa = PBXGroup;
			children = (
				8DEFBFFF1936A32F00A3F013 /* CCLine.h */,
				8DEFC0001936A32F00A3F013 /* CCLine.m */,
			);
			name = Models;
			sourceTree = "<group>";
		};
/* End PBXGroup section */

/* Begin PBXNativeTarget section */
		8D5DD0D3192591CA002A7E68 /* HereToThere */ = {
			isa = PBXNativeTarget;
			buildConfigurationList = 8D5DD106192591CA002A7E68 /* Build configuration list for PBXNativeTarget "HereToThere" */;
			buildPhases = (
				8D5DD0D0192591CA002A7E68 /* Sources */,
				8D5DD0D1192591CA002A7E68 /* Frameworks */,
				8D5DD0D2192591CA002A7E68 /* Resources */,
			);
			buildRules = (
			);
			dependencies = (
			);
			name = HereToThere;
			productName = HereToThere;
			productReference = 8D5DD0D4192591CA002A7E68 /* HereToThere.app */;
			productType = "com.apple.product-type.application";
		};
		8D5DD0F4192591CA002A7E68 /* HereToThereTests */ = {
			isa = PBXNativeTarget;
			buildConfigurationList = 8D5DD109192591CA002A7E68 /* Build configuration list for PBXNativeTarget "HereToThereTests" */;
			buildPhases = (
				8D5DD0F1192591CA002A7E68 /* Sources */,
				8D5DD0F2192591CA002A7E68 /* Frameworks */,
				8D5DD0F3192591CA002A7E68 /* Resources */,
			);
			buildRules = (
			);
			dependencies = (
				8D5DD0FB192591CA002A7E68 /* PBXTargetDependency */,
			);
			name = HereToThereTests;
			productName = HereToThereTests;
			productReference = 8D5DD0F5192591CA002A7E68 /* HereToThereTests.xctest */;
			productType = "com.apple.product-type.bundle.unit-test";
		};
/* End PBXNativeTarget section */

/* Begin PBXProject section */
		8D5DD0CC192591CA002A7E68 /* Project object */ = {
			isa = PBXProject;
			attributes = {
				CLASSPREFIX = CC;
				LastUpgradeCheck = 0510;
				ORGANIZATIONNAME = "Byte Meets World";
				TargetAttributes = {
					8D5DD0F4192591CA002A7E68 = {
						TestTargetID = 8D5DD0D3192591CA002A7E68;
					};
				};
			};
			buildConfigurationList = 8D5DD0CF192591CA002A7E68 /* Build configuration list for PBXProject "HereToThere" */;
			compatibilityVersion = "Xcode 3.2";
			developmentRegion = English;
			hasScannedForEncodings = 0;
			knownRegions = (
				en,
				Base,
			);
			mainGroup = 8D5DD0CB192591CA002A7E68;
			productRefGroup = 8D5DD0D5192591CA002A7E68 /* Products */;
			projectDirPath = "";
			projectRoot = "";
			targets = (
				8D5DD0D3192591CA002A7E68 /* HereToThere */,
				8D5DD0F4192591CA002A7E68 /* HereToThereTests */,
			);
		};
/* End PBXProject section */

/* Begin PBXResourcesBuildPhase section */
		8D5DD0D2192591CA002A7E68 /* Resources */ = {
			isa = PBXResourcesBuildPhase;
			buildActionMask = 2147483647;
			files = (
				8D76E9201936F020005EF8D3 /* settings.png in Resources */,
				8DD464C21937F6B500609ED9 /* done.png in Resources */,
				8D76E9211936F020005EF8D3 /* settings@2x.png in Resources */,
				8D76E9111936E368005EF8D3 /* menu@2x.png in Resources */,
				8DD464BB1937957200609ED9 /* route.png in Resources */,
				8D5DD0F0192591CA002A7E68 /* Images.xcassets in Resources */,
				8D76E9101936E368005EF8D3 /* menu.png in Resources */,
				8DD464C31937F6B500609ED9 /* done@2x.png in Resources */,
				8D76E9151936EA15005EF8D3 /* currentLocation@2x.png in Resources */,
				8DD464BC1937957200609ED9 /* route@2x.png in Resources */,
				8D76E9251936F02A005EF8D3 /* clear@2x.png in Resources */,
				8D5DD0E2192591CA002A7E68 /* InfoPlist.strings in Resources */,
				8DD464B91937957200609ED9 /* map.png in Resources */,
				8D76E91D1936F004005EF8D3 /* forward@2x.png in Resources */,
				8D76E9191936EE62005EF8D3 /* directions@2x.png in Resources */,
				8D76E9241936F02A005EF8D3 /* clear.png in Resources */,
				8D76E9181936EE62005EF8D3 /* directions.png in Resources */,
				8D76E9141936EA15005EF8D3 /* currentLocation.png in Resources */,
				8D5DD0EB192591CA002A7E68 /* Main.storyboard in Resources */,
				8D76E91C1936F004005EF8D3 /* forward.png in Resources */,
				8DD464BA1937957200609ED9 /* map@2x.png in Resources */,
			);
			runOnlyForDeploymentPostprocessing = 0;
		};
		8D5DD0F3192591CA002A7E68 /* Resources */ = {
			isa = PBXResourcesBuildPhase;
			buildActionMask = 2147483647;
			files = (
				8D5DD101192591CA002A7E68 /* InfoPlist.strings in Resources */,
			);
			runOnlyForDeploymentPostprocessing = 0;
		};
/* End PBXResourcesBuildPhase section */

/* Begin PBXSourcesBuildPhase section */
		8D5DD0D0192591CA002A7E68 /* Sources */ = {
			isa = PBXSourcesBuildPhase;
			buildActionMask = 2147483647;
			files = (
				8DD464BF1937B53300609ED9 /* CCDrawView.m in Sources */,
				8DEFC0041936A3A700A3F013 /* CCRoundButton.m in Sources */,
				8DEFC0111936A4B100A3F013 /* CCFingerView.m in Sources */,
				8DEFC00E1936A49E00A3F013 /* CCRouteController.m in Sources */,
				8DEFBFF81936A26E00A3F013 /* CCMapViewController.m in Sources */,
				8DEFBFFE1936A2E200A3F013 /* CCDirectionsViewController.m in Sources */,
				8DEFBFFB1936A27E00A3F013 /* CCDrawingViewController.m in Sources */,
				8D5DD0E8192591CA002A7E68 /* CCAppDelegate.m in Sources */,
				8DEFC0071936A3D500A3F013 /* CCMenuView.m in Sources */,
				8D5DD0E4192591CA002A7E68 /* main.m in Sources */,
				8DEFC0011936A33000A3F013 /* CCLine.m in Sources */,
			);
			runOnlyForDeploymentPostprocessing = 0;
		};
		8D5DD0F1192591CA002A7E68 /* Sources */ = {
			isa = PBXSourcesBuildPhase;
			buildActionMask = 2147483647;
			files = (
				8D5DD103192591CA002A7E68 /* HereToThereTests.m in Sources */,
			);
			runOnlyForDeploymentPostprocessing = 0;
		};
/* End PBXSourcesBuildPhase section */

/* Begin PBXTargetDependency section */
		8D5DD0FB192591CA002A7E68 /* PBXTargetDependency */ = {
			isa = PBXTargetDependency;
			target = 8D5DD0D3192591CA002A7E68 /* HereToThere */;
			targetProxy = 8D5DD0FA192591CA002A7E68 /* PBXContainerItemProxy */;
		};
/* End PBXTargetDependency section */

/* Begin PBXVariantGroup section */
		8D5DD0E0192591CA002A7E68 /* InfoPlist.strings */ = {
			isa = PBXVariantGroup;
			children = (
				8D5DD0E1192591CA002A7E68 /* en */,
			);
			name = InfoPlist.strings;
			sourceTree = "<group>";
		};
		8D5DD0E9192591CA002A7E68 /* Main.storyboard */ = {
			isa = PBXVariantGroup;
			children = (
				8D5DD0EA192591CA002A7E68 /* Base */,
			);
			name = Main.storyboard;
			sourceTree = "<group>";
		};
		8D5DD0FF192591CA002A7E68 /* InfoPlist.strings */ = {
			isa = PBXVariantGroup;
			children = (
				8D5DD100192591CA002A7E68 /* en */,
			);
			name = InfoPlist.strings;
			sourceTree = "<group>";
		};
/* End PBXVariantGroup section */

/* Begin XCBuildConfiguration section */
		8D5DD104192591CA002A7E68 /* Debug */ = {
			isa = XCBuildConfiguration;
			buildSettings = {
				ALWAYS_SEARCH_USER_PATHS = NO;
				CLANG_CXX_LANGUAGE_STANDARD = "gnu++0x";
				CLANG_CXX_LIBRARY = "libc++";
				CLANG_ENABLE_MODULES = YES;
				CLANG_ENABLE_OBJC_ARC = YES;
				CLANG_WARN_BOOL_CONVERSION = YES;
				CLANG_WARN_CONSTANT_CONVERSION = YES;
				CLANG_WARN_DIRECT_OBJC_ISA_USAGE = YES_ERROR;
				CLANG_WARN_EMPTY_BODY = YES;
				CLANG_WARN_ENUM_CONVERSION = YES;
				CLANG_WARN_INT_CONVERSION = YES;
				CLANG_WARN_OBJC_ROOT_CLASS = YES_ERROR;
				CLANG_WARN__DUPLICATE_METHOD_MATCH = YES;
				"CODE_SIGN_IDENTITY[sdk=iphoneos*]" = "iPhone Developer";
				COPY_PHASE_STRIP = NO;
				GCC_C_LANGUAGE_STANDARD = gnu99;
				GCC_DYNAMIC_NO_PIC = NO;
				GCC_OPTIMIZATION_LEVEL = 0;
				GCC_PREPROCESSOR_DEFINITIONS = (
					"DEBUG=1",
					"$(inherited)",
				);
				GCC_SYMBOLS_PRIVATE_EXTERN = NO;
				GCC_WARN_64_TO_32_BIT_CONVERSION = YES;
				GCC_WARN_ABOUT_RETURN_TYPE = YES_ERROR;
				GCC_WARN_UNDECLARED_SELECTOR = YES;
				GCC_WARN_UNINITIALIZED_AUTOS = YES_AGGRESSIVE;
				GCC_WARN_UNUSED_FUNCTION = YES;
				GCC_WARN_UNUSED_VARIABLE = YES;
				IPHONEOS_DEPLOYMENT_TARGET = 7.1;
				ONLY_ACTIVE_ARCH = YES;
				SDKROOT = iphoneos;
			};
			name = Debug;
		};
		8D5DD105192591CA002A7E68 /* Release */ = {
			isa = XCBuildConfiguration;
			buildSettings = {
				ALWAYS_SEARCH_USER_PATHS = NO;
				CLANG_CXX_LANGUAGE_STANDARD = "gnu++0x";
				CLANG_CXX_LIBRARY = "libc++";
				CLANG_ENABLE_MODULES = YES;
				CLANG_ENABLE_OBJC_ARC = YES;
				CLANG_WARN_BOOL_CONVERSION = YES;
				CLANG_WARN_CONSTANT_CONVERSION = YES;
				CLANG_WARN_DIRECT_OBJC_ISA_USAGE = YES_ERROR;
				CLANG_WARN_EMPTY_BODY = YES;
				CLANG_WARN_ENUM_CONVERSION = YES;
				CLANG_WARN_INT_CONVERSION = YES;
				CLANG_WARN_OBJC_ROOT_CLASS = YES_ERROR;
				CLANG_WARN__DUPLICATE_METHOD_MATCH = YES;
				"CODE_SIGN_IDENTITY[sdk=iphoneos*]" = "iPhone Developer";
				COPY_PHASE_STRIP = YES;
				ENABLE_NS_ASSERTIONS = NO;
				GCC_C_LANGUAGE_STANDARD = gnu99;
				GCC_WARN_64_TO_32_BIT_CONVERSION = YES;
				GCC_WARN_ABOUT_RETURN_TYPE = YES_ERROR;
				GCC_WARN_UNDECLARED_SELECTOR = YES;
				GCC_WARN_UNINITIALIZED_AUTOS = YES_AGGRESSIVE;
				GCC_WARN_UNUSED_FUNCTION = YES;
				GCC_WARN_UNUSED_VARIABLE = YES;
				IPHONEOS_DEPLOYMENT_TARGET = 7.1;
				SDKROOT = iphoneos;
				VALIDATE_PRODUCT = YES;
			};
			name = Release;
		};
		8D5DD107192591CA002A7E68 /* Debug */ = {
			isa = XCBuildConfiguration;
			buildSettings = {
				ASSETCATALOG_COMPILER_APPICON_NAME = AppIcon;
				ASSETCATALOG_COMPILER_LAUNCHIMAGE_NAME = LaunchImage;
				GCC_PRECOMPILE_PREFIX_HEADER = YES;
				GCC_PREFIX_HEADER = "HereToThere/HereToThere-Prefix.pch";
				INFOPLIST_FILE = "HereToThere/HereToThere-Info.plist";
				PRODUCT_NAME = "$(TARGET_NAME)";
				WRAPPER_EXTENSION = app;
			};
			name = Debug;
		};
		8D5DD108192591CA002A7E68 /* Release */ = {
			isa = XCBuildConfiguration;
			buildSettings = {
				ASSETCATALOG_COMPILER_APPICON_NAME = AppIcon;
				ASSETCATALOG_COMPILER_LAUNCHIMAGE_NAME = LaunchImage;
				GCC_PRECOMPILE_PREFIX_HEADER = YES;
				GCC_PREFIX_HEADER = "HereToThere/HereToThere-Prefix.pch";
				INFOPLIST_FILE = "HereToThere/HereToThere-Info.plist";
				PRODUCT_NAME = "$(TARGET_NAME)";
				WRAPPER_EXTENSION = app;
			};
			name = Release;
		};
		8D5DD10A192591CA002A7E68 /* Debug */ = {
			isa = XCBuildConfiguration;
			buildSettings = {
				BUNDLE_LOADER = "$(BUILT_PRODUCTS_DIR)/HereToThere.app/HereToThere";
				FRAMEWORK_SEARCH_PATHS = (
					"$(SDKROOT)/Developer/Library/Frameworks",
					"$(inherited)",
					"$(DEVELOPER_FRAMEWORKS_DIR)",
				);
				GCC_PRECOMPILE_PREFIX_HEADER = YES;
				GCC_PREFIX_HEADER = "HereToThere/HereToThere-Prefix.pch";
				GCC_PREPROCESSOR_DEFINITIONS = (
					"DEBUG=1",
					"$(inherited)",
				);
				INFOPLIST_FILE = "HereToThereTests/HereToThereTests-Info.plist";
				PRODUCT_NAME = "$(TARGET_NAME)";
				TEST_HOST = "$(BUNDLE_LOADER)";
				WRAPPER_EXTENSION = xctest;
			};
			name = Debug;
		};
		8D5DD10B192591CA002A7E68 /* Release */ = {
			isa = XCBuildConfiguration;
			buildSettings = {
				BUNDLE_LOADER = "$(BUILT_PRODUCTS_DIR)/HereToThere.app/HereToThere";
				FRAMEWORK_SEARCH_PATHS = (
					"$(SDKROOT)/Developer/Library/Frameworks",
					"$(inherited)",
					"$(DEVELOPER_FRAMEWORKS_DIR)",
				);
				GCC_PRECOMPILE_PREFIX_HEADER = YES;
				GCC_PREFIX_HEADER = "HereToThere/HereToThere-Prefix.pch";
				INFOPLIST_FILE = "HereToThereTests/HereToThereTests-Info.plist";
				PRODUCT_NAME = "$(TARGET_NAME)";
				TEST_HOST = "$(BUNDLE_LOADER)";
				WRAPPER_EXTENSION = xctest;
			};
			name = Release;
		};
/* End XCBuildConfiguration section */

/* Begin XCConfigurationList section */
		8D5DD0CF192591CA002A7E68 /* Build configuration list for PBXProject "HereToThere" */ = {
			isa = XCConfigurationList;
			buildConfigurations = (
				8D5DD104192591CA002A7E68 /* Debug */,
				8D5DD105192591CA002A7E68 /* Release */,
			);
			defaultConfigurationIsVisible = 0;
			defaultConfigurationName = Release;
		};
		8D5DD106192591CA002A7E68 /* Build configuration list for PBXNativeTarget "HereToThere" */ = {
			isa = XCConfigurationList;
			buildConfigurations = (
				8D5DD107192591CA002A7E68 /* Debug */,
				8D5DD108192591CA002A7E68 /* Release */,
			);
			defaultConfigurationIsVisible = 0;
			defaultConfigurationName = Release;
		};
		8D5DD109192591CA002A7E68 /* Build configuration list for PBXNativeTarget "HereToThereTests" */ = {
			isa = XCConfigurationList;
			buildConfigurations = (
				8D5DD10A192591CA002A7E68 /* Debug */,
				8D5DD10B192591CA002A7E68 /* Release */,
			);
			defaultConfigurationIsVisible = 0;
			defaultConfigurationName = Release;
		};
/* End XCConfigurationList section */
	};
	rootObject = 8D5DD0CC192591CA002A7E68 /* Project object */;
}
